
Microsoft Visual Studio Solution File, Format Version 12.00
# Visual Studio Version 16
VisualStudioVersion = 16.0.31729.503
MinimumVisualStudioVersion = 10.0.40219.1
Project("{9A19103F-16F7-4668-BE54-9A1E7A4F7556}") = "DataStructuresAndAlgorithms", "DataStructuresAndAlgorithms.csproj", "{4ECA6F3E-AB27-404F-8674-C9DB350E623C}"
EndProject
Global
	GlobalSection(SolutionConfigurationPlatforms) = preSolution
		Debug|Any CPU = Debug|Any CPU
		Release|Any CPU = Release|Any CPU
	EndGlobalSection
	GlobalSection(ProjectConfigurationPlatforms) = postSolution
		{4ECA6F3E-AB27-404F-8674-C9DB350E623C}.Debug|Any CPU.ActiveCfg = Debug|Any CPU
		{4ECA6F3E-AB27-404F-8674-C9DB350E623C}.Debug|Any CPU.Build.0 = Debug|Any CPU
		{4ECA6F3E-AB27-404F-8674-C9DB350E623C}.Release|Any CPU.ActiveCfg = Release|Any CPU
		{4ECA6F3E-AB27-404F-8674-C9DB350E623C}.Release|Any CPU.Build.0 = Release|Any CPU
	EndGlobalSection
	GlobalSection(SolutionProperties) = preSolution
		HideSolutionNode = FALSE
	EndGlobalSection
	GlobalSection(ExtensibilityGlobals) = postSolution
		SolutionGuid = {2A72108E-C8A5-4895-9392-00573C18DC33}
	EndGlobalSection
EndGlobal
